{
  "object": {
    "pins": [
      {
        "package": "PayUIndia-CrashReporter",
        "repositoryURL": "https://github.com/payu-intrepos/PayUCrashReporter-iOS",
        "state": {
          "branch": null,
          "revision": "9fdb4a40df43a71f4da41b1e0212b14011c5b768",
          "version": "3.0.1"
        }
      },
      {
        "package": "PayUIndia-NetworkReachability",
        "repositoryURL": "https://github.com/payu-intrepos/PayUNetworkReachability-iOS",
        "state": {
          "branch": null,
          "revision": "4843f496188743b18bbbfdbcc1868ae1d7a3cfd5",
          "version": "1.1.0"
        }
      }
    ]
  },
  "version": 1
}
