{
  "object": {
    "pins": [
      {
        "package": "PayUIndia-CrashReporter",
        "repositoryURL": "https://github.com/payu-intrepos/PayUCrashReporter-iOS",
        "state": {
          "branch": null,
          "revision": "9fdb4a40df43a71f4da41b1e0212b14011c5b768",
          "version": "3.0.1"
        }
      },
      {
        "package": "PayUIndia-NetworkReachability",
        "repositoryURL": "https://github.com/payu-intrepos/PayUNetworkReachability-iOS",
        "state": {
          "branch": null,
          "revision": "319245c7126aa52350a75ca226db8500fbd7708c",
          "version": "2.0.2"
        }
      }
    ]
  },
  "version": 1
}
