{
  "object": {
    "pins": [
      {
        "package": "PayUIndia-CrashReporter",
        "repositoryURL": "https://github.com/payu-intrepos/PayUCrashReporter-iOS",
        "state": {
          "branch": null,
          "revision": "104535b2a4a827802c66cfd578efb0d507614f20",
          "version": "4.0.2"
        }
      },
      {
        "package": "PayUIndia-NetworkReachability",
        "repositoryURL": "https://github.com/payu-intrepos/PayUNetworkReachability-iOS",
        "state": {
          "branch": null,
          "revision": "2c4e108fa7654cfca2dbb4f96f176a5788470d18",
          "version": "2.1.1"
        }
      }
    ]
  },
  "version": 1
}
