PODS:
  - PayUIndia-3DS2-SDK (1.1.0):
    - PayUIndia-3DS2Core-SDK (~> 1.1)
    - PayUIndia-CrashReporter (= 3.0.0)
    - PayUIndia-NetworkReachability (~> 1.0)
  - PayUIndia-3DS2Core-SDK (1.1.0)
  - PayUIndia-CrashReporter (3.0.0)
  - PayUIndia-NetworkReachability (1.0.1)

DEPENDENCIES:
  - PayUIndia-3DS2-SDK

SPEC REPOS:
  trunk:
    - PayUIndia-3DS2-SDK
    - PayUIndia-3DS2Core-SDK
    - PayUIndia-CrashReporter
    - PayUIndia-NetworkReachability

SPEC CHECKSUMS:
  PayUIndia-3DS2-SDK: 0ca67042ea11e4cf4132046b422c1775074a26e7
  PayUIndia-3DS2Core-SDK: decca4f4c9fe54c46235420932bf41c469dc6c65
  PayUIndia-CrashReporter: 5e3d459c0ec8c88573bd4510f42f47e10d52f319
  PayUIndia-NetworkReachability: 99e69781b3be99d7b713075ab7b73e6d73a153e4

PODFILE CHECKSUM: c927893f73bf4335f2955931354e97d3a7d2c66e

COCOAPODS: 1.15.0
